
Microsoft Visual Studio Solution File, Format Version 12.00
# Visual Studio Version 17
VisualStudioVersion = 17.13.35931.197 d17.13
MinimumVisualStudioVersion = 10.0.40219.1
Project("{FAE04EC0-301F-11D3-BF4B-00C04F79EFBC}") = "NikkeMetadataDumper", "NikkeMetadataDumper\NikkeMetadataDumper.csproj", "{C3C46B99-47AB-4D33-89E4-300303BCB55E}"
EndProject
Global
	GlobalSection(SolutionConfigurationPlatforms) = preSolution
		Debug|Any CPU = Debug|Any CPU
		Release|Any CPU = Release|Any CPU
	EndGlobalSection
	GlobalSection(ProjectConfigurationPlatforms) = postSolution
		{C3C46B99-47AB-4D33-89E4-300303BCB55E}.Debug|Any CPU.ActiveCfg = Debug|Any CPU
		{C3C46B99-47AB-4D33-89E4-300303BCB55E}.Debug|Any CPU.Build.0 = Debug|Any CPU
		{C3C46B99-47AB-4D33-89E4-300303BCB55E}.Release|Any CPU.ActiveCfg = Release|Any CPU
		{C3C46B99-47AB-4D33-89E4-300303BCB55E}.Release|Any CPU.Build.0 = Release|Any CPU
	EndGlobalSection
	GlobalSection(SolutionProperties) = preSolution
		HideSolutionNode = FALSE
	EndGlobalSection
	GlobalSection(ExtensibilityGlobals) = postSolution
		SolutionGuid = {FCB6E8FC-5D25-4E1D-B251-3B8A2BD449F1}
	EndGlobalSection
EndGlobal
